// !$*UTF8*$!
{
	archiveVersion = 1;
	classes = {
	};
	objectVersion = 46;
	objects = {

/* Begin PBXBuildFile section */
		BC9F95BA1AC844AE00971028 /* Foundation.framework in Frameworks */ = {isa = PBXBuildFile; fileRef = BC9F95B91AC844AE00971028 /* Foundation.framework */; };
		BC9F95BC1AC844AE00971028 /* CoreGraphics.framework in Frameworks */ = {isa = PBXBuildFile; fileRef = BC9F95BB1AC844AE00971028 /* CoreGraphics.framework */; };
		BC9F95BE1AC844AE00971028 /* UIKit.framework in Frameworks */ = {isa = PBXBuildFile; fileRef = BC9F95BD1AC844AE00971028 /* UIKit.framework */; };
		BC9F95C41AC844AE00971028 /* InfoPlist.strings in Resources */ = {isa = PBXBuildFile; fileRef = BC9F95C21AC844AE00971028 /* InfoPlist.strings */; };
		BC9F95C61AC844AE00971028 /* main.m in Sources */ = {isa = PBXBuildFile; fileRef = BC9F95C51AC844AE00971028 /* main.m */; };
		BC9F95CA1AC844AE00971028 /* LJWAppDelegate.m in Sources */ = {isa = PBXBuildFile; fileRef = BC9F95C91AC844AE00971028 /* LJWAppDelegate.m */; };
		BC9F95CD1AC844AE00971028 /* Main.storyboard in Resources */ = {isa = PBXBuildFile; fileRef = BC9F95CB1AC844AE00971028 /* Main.storyboard */; };
		BC9F95D01AC844AE00971028 /* LJWViewController.m in Sources */ = {isa = PBXBuildFile; fileRef = BC9F95CF1AC844AE00971028 /* LJWViewController.m */; };
		BC9F95D21AC844AE00971028 /* Images.xcassets in Resources */ = {isa = PBXBuildFile; fileRef = BC9F95D11AC844AE00971028 /* Images.xcassets */; };
		BC9F95D91AC844AE00971028 /* XCTest.framework in Frameworks */ = {isa = PBXBuildFile; fileRef = BC9F95D81AC844AE00971028 /* XCTest.framework */; };
		BC9F95DA1AC844AE00971028 /* Foundation.framework in Frameworks */ = {isa = PBXBuildFile; fileRef = BC9F95B91AC844AE00971028 /* Foundation.framework */; };
		BC9F95DB1AC844AE00971028 /* UIKit.framework in Frameworks */ = {isa = PBXBuildFile; fileRef = BC9F95BD1AC844AE00971028 /* UIKit.framework */; };
		BC9F95E31AC844AE00971028 /* InfoPlist.strings in Resources */ = {isa = PBXBuildFile; fileRef = BC9F95E11AC844AE00971028 /* InfoPlist.strings */; };
		BC9F95E51AC844AE00971028 /* ____Tests.m in Sources */ = {isa = PBXBuildFile; fileRef = BC9F95E41AC844AE00971028 /* ____Tests.m */; };
/* End PBXBuildFile section */

/* Begin PBXContainerItemProxy section */
		BC9F95DC1AC844AE00971028 /* PBXContainerItemProxy */ = {
			isa = PBXContainerItemProxy;
			containerPortal = BC9F95AE1AC844AD00971028 /* Project object */;
			proxyType = 1;
			remoteGlobalIDString = BC9F95B51AC844AE00971028;
			remoteInfo = "大众点评";
		};
/* End PBXContainerItemProxy section */

/* Begin PBXFileReference section */
		BC9F95B61AC844AE00971028 /* 大众点评.app */ = {isa = PBXFileReference; explicitFileType = wrapper.application; includeInIndex = 0; path = "大众点评.app"; sourceTree = BUILT_PRODUCTS_DIR; };
		BC9F95B91AC844AE00971028 /* Foundation.framework */ = {isa = PBXFileReference; lastKnownFileType = wrapper.framework; name = Foundation.framework; path = System/Library/Frameworks/Foundation.framework; sourceTree = SDKROOT; };
		BC9F95BB1AC844AE00971028 /* CoreGraphics.framework */ = {isa = PBXFileReference; lastKnownFileType = wrapper.framework; name = CoreGraphics.framework; path = System/Library/Frameworks/CoreGraphics.framework; sourceTree = SDKROOT; };
		BC9F95BD1AC844AE00971028 /* UIKit.framework */ = {isa = PBXFileReference; lastKnownFileType = wrapper.framework; name = UIKit.framework; path = System/Library/Frameworks/UIKit.framework; sourceTree = SDKROOT; };
		BC9F95C11AC844AE00971028 /* 大众点评-Info.plist */ = {isa = PBXFileReference; lastKnownFileType = text.plist.xml; path = "大众点评-Info.plist"; sourceTree = "<group>"; };
		BC9F95C31AC844AE00971028 /* en */ = {isa = PBXFileReference; lastKnownFileType = text.plist.strings; name = en; path = en.lproj/InfoPlist.strings; sourceTree = "<group>"; };
		BC9F95C51AC844AE00971028 /* main.m */ = {isa = PBXFileReference; lastKnownFileType = sourcecode.c.objc; path = main.m; sourceTree = "<group>"; };
		BC9F95C71AC844AE00971028 /* 大众点评-Prefix.pch */ = {isa = PBXFileReference; lastKnownFileType = sourcecode.c.h; path = "大众点评-Prefix.pch"; sourceTree = "<group>"; };
		BC9F95C81AC844AE00971028 /* LJWAppDelegate.h */ = {isa = PBXFileReference; lastKnownFileType = sourcecode.c.h; path = LJWAppDelegate.h; sourceTree = "<group>"; };
		BC9F95C91AC844AE00971028 /* LJWAppDelegate.m */ = {isa = PBXFileReference; lastKnownFileType = sourcecode.c.objc; path = LJWAppDelegate.m; sourceTree = "<group>"; };
		BC9F95CC1AC844AE00971028 /* Base */ = {isa = PBXFileReference; lastKnownFileType = file.storyboard; name = Base; path = Base.lproj/Main.storyboard; sourceTree = "<group>"; };
		BC9F95CE1AC844AE00971028 /* LJWViewController.h */ = {isa = PBXFileReference; lastKnownFileType = sourcecode.c.h; path = LJWViewController.h; sourceTree = "<group>"; };
		BC9F95CF1AC844AE00971028 /* LJWViewController.m */ = {isa = PBXFileReference; lastKnownFileType = sourcecode.c.objc; path = LJWViewController.m; sourceTree = "<group>"; };
		BC9F95D11AC844AE00971028 /* Images.xcassets */ = {isa = PBXFileReference; lastKnownFileType = folder.assetcatalog; path = Images.xcassets; sourceTree = "<group>"; };
		BC9F95D71AC844AE00971028 /* 大众点评Tests.xctest */ = {isa = PBXFileReference; explicitFileType = wrapper.cfbundle; includeInIndex = 0; path = "大众点评Tests.xctest"; sourceTree = BUILT_PRODUCTS_DIR; };
		BC9F95D81AC844AE00971028 /* XCTest.framework */ = {isa = PBXFileReference; lastKnownFileType = wrapper.framework; name = XCTest.framework; path = Library/Frameworks/XCTest.framework; sourceTree = DEVELOPER_DIR; };
		BC9F95E01AC844AE00971028 /* 大众点评Tests-Info.plist */ = {isa = PBXFileReference; lastKnownFileType = text.plist.xml; path = "大众点评Tests-Info.plist"; sourceTree = "<group>"; };
		BC9F95E21AC844AE00971028 /* en */ = {isa = PBXFileReference; lastKnownFileType = text.plist.strings; name = en; path = en.lproj/InfoPlist.strings; sourceTree = "<group>"; };
		BC9F95E41AC844AE00971028 /* ____Tests.m */ = {isa = PBXFileReference; lastKnownFileType = sourcecode.c.objc; path = "____Tests.m"; sourceTree = "<group>"; };
/* End PBXFileReference section */

/* Begin PBXFrameworksBuildPhase section */
		BC9F95B31AC844AE00971028 /* Frameworks */ = {
			isa = PBXFrameworksBuildPhase;
			buildActionMask = 2147483647;
			files = (
				BC9F95BC1AC844AE00971028 /* CoreGraphics.framework in Frameworks */,
				BC9F95BE1AC844AE00971028 /* UIKit.framework in Frameworks */,
				BC9F95BA1AC844AE00971028 /* Foundation.framework in Frameworks */,
			);
			runOnlyForDeploymentPostprocessing = 0;
		};
		BC9F95D41AC844AE00971028 /* Frameworks */ = {
			isa = PBXFrameworksBuildPhase;
			buildActionMask = 2147483647;
			files = (
				BC9F95D91AC844AE00971028 /* XCTest.framework in Frameworks */,
				BC9F95DB1AC844AE00971028 /* UIKit.framework in Frameworks */,
				BC9F95DA1AC844AE00971028 /* Foundation.framework in Frameworks */,
			);
			runOnlyForDeploymentPostprocessing = 0;
		};
/* End PBXFrameworksBuildPhase section */

/* Begin PBXGroup section */
		BC9F95AD1AC844AD00971028 = {
			isa = PBXGroup;
			children = (
				BC9F95BF1AC844AE00971028 /* 大众点评 */,
				BC9F95DE1AC844AE00971028 /* 大众点评Tests */,
				BC9F95B81AC844AE00971028 /* Frameworks */,
				BC9F95B71AC844AE00971028 /* Products */,
			);
			sourceTree = "<group>";
		};
		BC9F95B71AC844AE00971028 /* Products */ = {
			isa = PBXGroup;
			children = (
				BC9F95B61AC844AE00971028 /* 大众点评.app */,
				BC9F95D71AC844AE00971028 /* 大众点评Tests.xctest */,
			);
			name = Products;
			sourceTree = "<group>";
		};
		BC9F95B81AC844AE00971028 /* Frameworks */ = {
			isa = PBXGroup;
			children = (
				BC9F95B91AC844AE00971028 /* Foundation.framework */,
				BC9F95BB1AC844AE00971028 /* CoreGraphics.framework */,
				BC9F95BD1AC844AE00971028 /* UIKit.framework */,
				BC9F95D81AC844AE00971028 /* XCTest.framework */,
			);
			name = Frameworks;
			sourceTree = "<group>";
		};
		BC9F95BF1AC844AE00971028 /* 大众点评 */ = {
			isa = PBXGroup;
			children = (
				BC9F95C81AC844AE00971028 /* LJWAppDelegate.h */,
				BC9F95C91AC844AE00971028 /* LJWAppDelegate.m */,
				BC9F95CB1AC844AE00971028 /* Main.storyboard */,
				BC9F95CE1AC844AE00971028 /* LJWViewController.h */,
				BC9F95CF1AC844AE00971028 /* LJWViewController.m */,
				BC9F95D11AC844AE00971028 /* Images.xcassets */,
				BC9F95C01AC844AE00971028 /* Supporting Files */,
			);
			path = "大众点评";
			sourceTree = "<group>";
		};
		BC9F95C01AC844AE00971028 /* Supporting Files */ = {
			isa = PBXGroup;
			children = (
				BC9F95C11AC844AE00971028 /* 大众点评-Info.plist */,
				BC9F95C21AC844AE00971028 /* InfoPlist.strings */,
				BC9F95C51AC844AE00971028 /* main.m */,
				BC9F95C71AC844AE00971028 /* 大众点评-Prefix.pch */,
			);
			name = "Supporting Files";
			sourceTree = "<group>";
		};
		BC9F95DE1AC844AE00971028 /* 大众点评Tests */ = {
			isa = PBXGroup;
			children = (
				BC9F95E41AC844AE00971028 /* ____Tests.m */,
				BC9F95DF1AC844AE00971028 /* Supporting Files */,
			);
			path = "大众点评Tests";
			sourceTree = "<group>";
		};
		BC9F95DF1AC844AE00971028 /* Supporting Files */ = {
			isa = PBXGroup;
			children = (
				BC9F95E01AC844AE00971028 /* 大众点评Tests-Info.plist */,
				BC9F95E11AC844AE00971028 /* InfoPlist.strings */,
			);
			name = "Supporting Files";
			sourceTree = "<group>";
		};
/* End PBXGroup section */

/* Begin PBXNativeTarget section */
		BC9F95B51AC844AE00971028 /* 大众点评 */ = {
			isa = PBXNativeTarget;
			buildConfigurationList = BC9F95E81AC844AE00971028 /* Build configuration list for PBXNativeTarget "大众点评" */;
			buildPhases = (
				BC9F95B21AC844AE00971028 /* Sources */,
				BC9F95B31AC844AE00971028 /* Frameworks */,
				BC9F95B41AC844AE00971028 /* Resources */,
			);
			buildRules = (
			);
			dependencies = (
			);
			name = "大众点评";
			productName = "大众点评";
			productReference = BC9F95B61AC844AE00971028 /* 大众点评.app */;
			productType = "com.apple.product-type.application";
		};
		BC9F95D61AC844AE00971028 /* 大众点评Tests */ = {
			isa = PBXNativeTarget;
			buildConfigurationList = BC9F95EB1AC844AE00971028 /* Build configuration list for PBXNativeTarget "大众点评Tests" */;
			buildPhases = (
				BC9F95D31AC844AE00971028 /* Sources */,
				BC9F95D41AC844AE00971028 /* Frameworks */,
				BC9F95D51AC844AE00971028 /* Resources */,
			);
			buildRules = (
			);
			dependencies = (
				BC9F95DD1AC844AE00971028 /* PBXTargetDependency */,
			);
			name = "大众点评Tests";
			productName = "大众点评Tests";
			productReference = BC9F95D71AC844AE00971028 /* 大众点评Tests.xctest */;
			productType = "com.apple.product-type.bundle.unit-test";
		};
/* End PBXNativeTarget section */

/* Begin PBXProject section */
		BC9F95AE1AC844AD00971028 /* Project object */ = {
			isa = PBXProject;
			attributes = {
				CLASSPREFIX = LJW;
				LastUpgradeCheck = 0510;
				ORGANIZATIONNAME = qianfeng;
				TargetAttributes = {
					BC9F95D61AC844AE00971028 = {
						TestTargetID = BC9F95B51AC844AE00971028;
					};
				};
			};
			buildConfigurationList = BC9F95B11AC844AE00971028 /* Build configuration list for PBXProject "大众点评" */;
			compatibilityVersion = "Xcode 3.2";
			developmentRegion = English;
			hasScannedForEncodings = 0;
			knownRegions = (
				en,
				Base,
			);
			mainGroup = BC9F95AD1AC844AD00971028;
			productRefGroup = BC9F95B71AC844AE00971028 /* Products */;
			projectDirPath = "";
			projectRoot = "";
			targets = (
				BC9F95B51AC844AE00971028 /* 大众点评 */,
				BC9F95D61AC844AE00971028 /* 大众点评Tests */,
			);
		};
/* End PBXProject section */

/* Begin PBXResourcesBuildPhase section */
		BC9F95B41AC844AE00971028 /* Resources */ = {
			isa = PBXResourcesBuildPhase;
			buildActionMask = 2147483647;
			files = (
				BC9F95D21AC844AE00971028 /* Images.xcassets in Resources */,
				BC9F95C41AC844AE00971028 /* InfoPlist.strings in Resources */,
				BC9F95CD1AC844AE00971028 /* Main.storyboard in Resources */,
			);
			runOnlyForDeploymentPostprocessing = 0;
		};
		BC9F95D51AC844AE00971028 /* Resources */ = {
			isa = PBXResourcesBuildPhase;
			buildActionMask = 2147483647;
			files = (
				BC9F95E31AC844AE00971028 /* InfoPlist.strings in Resources */,
			);
			runOnlyForDeploymentPostprocessing = 0;
		};
/* End PBXResourcesBuildPhase section */

/* Begin PBXSourcesBuildPhase section */
		BC9F95B21AC844AE00971028 /* Sources */ = {
			isa = PBXSourcesBuildPhase;
			buildActionMask = 2147483647;
			files = (
				BC9F95CA1AC844AE00971028 /* LJWAppDelegate.m in Sources */,
				BC9F95C61AC844AE00971028 /* main.m in Sources */,
				BC9F95D01AC844AE00971028 /* LJWViewController.m in Sources */,
			);
			runOnlyForDeploymentPostprocessing = 0;
		};
		BC9F95D31AC844AE00971028 /* Sources */ = {
			isa = PBXSourcesBuildPhase;
			buildActionMask = 2147483647;
			files = (
				BC9F95E51AC844AE00971028 /* ____Tests.m in Sources */,
			);
			runOnlyForDeploymentPostprocessing = 0;
		};
/* End PBXSourcesBuildPhase section */

/* Begin PBXTargetDependency section */
		BC9F95DD1AC844AE00971028 /* PBXTargetDependency */ = {
			isa = PBXTargetDependency;
			target = BC9F95B51AC844AE00971028 /* 大众点评 */;
			targetProxy = BC9F95DC1AC844AE00971028 /* PBXContainerItemProxy */;
		};
/* End PBXTargetDependency section */

/* Begin PBXVariantGroup section */
		BC9F95C21AC844AE00971028 /* InfoPlist.strings */ = {
			isa = PBXVariantGroup;
			children = (
				BC9F95C31AC844AE00971028 /* en */,
			);
			name = InfoPlist.strings;
			sourceTree = "<group>";
		};
		BC9F95CB1AC844AE00971028 /* Main.storyboard */ = {
			isa = PBXVariantGroup;
			children = (
				BC9F95CC1AC844AE00971028 /* Base */,
			);
			name = Main.storyboard;
			sourceTree = "<group>";
		};
		BC9F95E11AC844AE00971028 /* InfoPlist.strings */ = {
			isa = PBXVariantGroup;
			children = (
				BC9F95E21AC844AE00971028 /* en */,
			);
			name = InfoPlist.strings;
			sourceTree = "<group>";
		};
/* End PBXVariantGroup section */

/* Begin XCBuildConfiguration section */
		BC9F95E61AC844AE00971028 /* Debug */ = {
			isa = XCBuildConfiguration;
			buildSettings = {
				ALWAYS_SEARCH_USER_PATHS = NO;
				CLANG_CXX_LANGUAGE_STANDARD = "gnu++0x";
				CLANG_CXX_LIBRARY = "libc++";
				CLANG_ENABLE_MODULES = YES;
				CLANG_ENABLE_OBJC_ARC = YES;
				CLANG_WARN_BOOL_CONVERSION = YES;
				CLANG_WARN_CONSTANT_CONVERSION = YES;
				CLANG_WARN_DIRECT_OBJC_ISA_USAGE = YES_ERROR;
				CLANG_WARN_EMPTY_BODY = YES;
				CLANG_WARN_ENUM_CONVERSION = YES;
				CLANG_WARN_INT_CONVERSION = YES;
				CLANG_WARN_OBJC_ROOT_CLASS = YES_ERROR;
				CLANG_WARN__DUPLICATE_METHOD_MATCH = YES;
				"CODE_SIGN_IDENTITY[sdk=iphoneos*]" = "iPhone Developer";
				COPY_PHASE_STRIP = NO;
				GCC_C_LANGUAGE_STANDARD = gnu99;
				GCC_DYNAMIC_NO_PIC = NO;
				GCC_OPTIMIZATION_LEVEL = 0;
				GCC_PREPROCESSOR_DEFINITIONS = (
					"DEBUG=1",
					"$(inherited)",
				);
				GCC_SYMBOLS_PRIVATE_EXTERN = NO;
				GCC_WARN_64_TO_32_BIT_CONVERSION = YES;
				GCC_WARN_ABOUT_RETURN_TYPE = YES_ERROR;
				GCC_WARN_UNDECLARED_SELECTOR = YES;
				GCC_WARN_UNINITIALIZED_AUTOS = YES_AGGRESSIVE;
				GCC_WARN_UNUSED_FUNCTION = YES;
				GCC_WARN_UNUSED_VARIABLE = YES;
				IPHONEOS_DEPLOYMENT_TARGET = 7.1;
				ONLY_ACTIVE_ARCH = YES;
				SDKROOT = iphoneos;
			};
			name = Debug;
		};
		BC9F95E71AC844AE00971028 /* Release */ = {
			isa = XCBuildConfiguration;
			buildSettings = {
				ALWAYS_SEARCH_USER_PATHS = NO;
				CLANG_CXX_LANGUAGE_STANDARD = "gnu++0x";
				CLANG_CXX_LIBRARY = "libc++";
				CLANG_ENABLE_MODULES = YES;
				CLANG_ENABLE_OBJC_ARC = YES;
				CLANG_WARN_BOOL_CONVERSION = YES;
				CLANG_WARN_CONSTANT_CONVERSION = YES;
				CLANG_WARN_DIRECT_OBJC_ISA_USAGE = YES_ERROR;
				CLANG_WARN_EMPTY_BODY = YES;
				CLANG_WARN_ENUM_CONVERSION = YES;
				CLANG_WARN_INT_CONVERSION = YES;
				CLANG_WARN_OBJC_ROOT_CLASS = YES_ERROR;
				CLANG_WARN__DUPLICATE_METHOD_MATCH = YES;
				"CODE_SIGN_IDENTITY[sdk=iphoneos*]" = "iPhone Developer";
				COPY_PHASE_STRIP = YES;
				ENABLE_NS_ASSERTIONS = NO;
				GCC_C_LANGUAGE_STANDARD = gnu99;
				GCC_WARN_64_TO_32_BIT_CONVERSION = YES;
				GCC_WARN_ABOUT_RETURN_TYPE = YES_ERROR;
				GCC_WARN_UNDECLARED_SELECTOR = YES;
				GCC_WARN_UNINITIALIZED_AUTOS = YES_AGGRESSIVE;
				GCC_WARN_UNUSED_FUNCTION = YES;
				GCC_WARN_UNUSED_VARIABLE = YES;
				IPHONEOS_DEPLOYMENT_TARGET = 7.1;
				SDKROOT = iphoneos;
				VALIDATE_PRODUCT = YES;
			};
			name = Release;
		};
		BC9F95E91AC844AE00971028 /* Debug */ = {
			isa = XCBuildConfiguration;
			buildSettings = {
				ASSETCATALOG_COMPILER_APPICON_NAME = AppIcon;
				ASSETCATALOG_COMPILER_LAUNCHIMAGE_NAME = LaunchImage;
				GCC_PRECOMPILE_PREFIX_HEADER = YES;
				GCC_PREFIX_HEADER = "大众点评/大众点评-Prefix.pch";
				INFOPLIST_FILE = "大众点评/大众点评-Info.plist";
				PRODUCT_NAME = "$(TARGET_NAME)";
				WRAPPER_EXTENSION = app;
			};
			name = Debug;
		};
		BC9F95EA1AC844AE00971028 /* Release */ = {
			isa = XCBuildConfiguration;
			buildSettings = {
				ASSETCATALOG_COMPILER_APPICON_NAME = AppIcon;
				ASSETCATALOG_COMPILER_LAUNCHIMAGE_NAME = LaunchImage;
				GCC_PRECOMPILE_PREFIX_HEADER = YES;
				GCC_PREFIX_HEADER = "大众点评/大众点评-Prefix.pch";
				INFOPLIST_FILE = "大众点评/大众点评-Info.plist";
				PRODUCT_NAME = "$(TARGET_NAME)";
				WRAPPER_EXTENSION = app;
			};
			name = Release;
		};
		BC9F95EC1AC844AE00971028 /* Debug */ = {
			isa = XCBuildConfiguration;
			buildSettings = {
				BUNDLE_LOADER = "$(BUILT_PRODUCTS_DIR)/大众点评.app/大众点评";
				FRAMEWORK_SEARCH_PATHS = (
					"$(SDKROOT)/Developer/Library/Frameworks",
					"$(inherited)",
					"$(DEVELOPER_FRAMEWORKS_DIR)",
				);
				GCC_PRECOMPILE_PREFIX_HEADER = YES;
				GCC_PREFIX_HEADER = "大众点评/大众点评-Prefix.pch";
				GCC_PREPROCESSOR_DEFINITIONS = (
					"DEBUG=1",
					"$(inherited)",
				);
				INFOPLIST_FILE = "大众点评Tests/大众点评Tests-Info.plist";
				PRODUCT_NAME = "$(TARGET_NAME)";
				TEST_HOST = "$(BUNDLE_LOADER)";
				WRAPPER_EXTENSION = xctest;
			};
			name = Debug;
		};
		BC9F95ED1AC844AE00971028 /* Release */ = {
			isa = XCBuildConfiguration;
			buildSettings = {
				BUNDLE_LOADER = "$(BUILT_PRODUCTS_DIR)/大众点评.app/大众点评";
				FRAMEWORK_SEARCH_PATHS = (
					"$(SDKROOT)/Developer/Library/Frameworks",
					"$(inherited)",
					"$(DEVELOPER_FRAMEWORKS_DIR)",
				);
				GCC_PRECOMPILE_PREFIX_HEADER = YES;
				GCC_PREFIX_HEADER = "大众点评/大众点评-Prefix.pch";
				INFOPLIST_FILE = "大众点评Tests/大众点评Tests-Info.plist";
				PRODUCT_NAME = "$(TARGET_NAME)";
				TEST_HOST = "$(BUNDLE_LOADER)";
				WRAPPER_EXTENSION = xctest;
			};
			name = Release;
		};
/* End XCBuildConfiguration section */

/* Begin XCConfigurationList section */
		BC9F95B11AC844AE00971028 /* Build configuration list for PBXProject "大众点评" */ = {
			isa = XCConfigurationList;
			buildConfigurations = (
				BC9F95E61AC844AE00971028 /* Debug */,
				BC9F95E71AC844AE00971028 /* Release */,
			);
			defaultConfigurationIsVisible = 0;
			defaultConfigurationName = Release;
		};
		BC9F95E81AC844AE00971028 /* Build configuration list for PBXNativeTarget "大众点评" */ = {
			isa = XCConfigurationList;
			buildConfigurations = (
				BC9F95E91AC844AE00971028 /* Debug */,
				BC9F95EA1AC844AE00971028 /* Release */,
			);
			defaultConfigurationIsVisible = 0;
		};
		BC9F95EB1AC844AE00971028 /* Build configuration list for PBXNativeTarget "大众点评Tests" */ = {
			isa = XCConfigurationList;
			buildConfigurations = (
				BC9F95EC1AC844AE00971028 /* Debug */,
				BC9F95ED1AC844AE00971028 /* Release */,
			);
			defaultConfigurationIsVisible = 0;
		};
/* End XCConfigurationList section */
	};
	rootObject = BC9F95AE1AC844AD00971028 /* Project object */;
}
